
Microsoft Visual Studio Solution File, Format Version 12.00
# Visual Studio 15
VisualStudioVersion = 15.0.26730.16
MinimumVisualStudioVersion = 10.0.40219.1
Project("{FAE04EC0-301F-11D3-BF4B-00C04F79EFBC}") = "WebApiSample", "WebApiSample\WebApiSample.csproj", "{17E94C39-2930-4DCD-BAD1-38488574189A}"
EndProject
Project("{FAE04EC0-301F-11D3-BF4B-00C04F79EFBC}") = "ShCore", "ShCore\ShCore.csproj", "{B905F356-7F46-4A72-9E51-F6714CA8B415}"
EndProject
Project("{FAE04EC0-301F-11D3-BF4B-00C04F79EFBC}") = "Document", "Document\Document.csproj", "{24855C38-8A38-451E-A49A-7C579674AE55}"
EndProject
Global
	GlobalSection(SolutionConfigurationPlatforms) = preSolution
		Debug|Any CPU = Debug|Any CPU
		Release|Any CPU = Release|Any CPU
	EndGlobalSection
	GlobalSection(ProjectConfigurationPlatforms) = postSolution
		{17E94C39-2930-4DCD-BAD1-38488574189A}.Debug|Any CPU.ActiveCfg = Debug|Any CPU
		{17E94C39-2930-4DCD-BAD1-38488574189A}.Debug|Any CPU.Build.0 = Debug|Any CPU
		{17E94C39-2930-4DCD-BAD1-38488574189A}.Release|Any CPU.ActiveCfg = Release|Any CPU
		{17E94C39-2930-4DCD-BAD1-38488574189A}.Release|Any CPU.Build.0 = Release|Any CPU
		{B905F356-7F46-4A72-9E51-F6714CA8B415}.Debug|Any CPU.ActiveCfg = Debug|Any CPU
		{B905F356-7F46-4A72-9E51-F6714CA8B415}.Debug|Any CPU.Build.0 = Debug|Any CPU
		{B905F356-7F46-4A72-9E51-F6714CA8B415}.Release|Any CPU.ActiveCfg = Release|Any CPU
		{B905F356-7F46-4A72-9E51-F6714CA8B415}.Release|Any CPU.Build.0 = Release|Any CPU
		{24855C38-8A38-451E-A49A-7C579674AE55}.Debug|Any CPU.ActiveCfg = Debug|Any CPU
		{24855C38-8A38-451E-A49A-7C579674AE55}.Debug|Any CPU.Build.0 = Debug|Any CPU
		{24855C38-8A38-451E-A49A-7C579674AE55}.Release|Any CPU.ActiveCfg = Release|Any CPU
		{24855C38-8A38-451E-A49A-7C579674AE55}.Release|Any CPU.Build.0 = Release|Any CPU
	EndGlobalSection
	GlobalSection(SolutionProperties) = preSolution
		HideSolutionNode = FALSE
	EndGlobalSection
	GlobalSection(ExtensibilityGlobals) = postSolution
		SolutionGuid = {7301BEBF-9E19-41A7-8A67-ECE01D581094}
	EndGlobalSection
EndGlobal
